
Microsoft Visual Studio Solution File, Format Version 12.00
# Visual Studio Version 17
VisualStudioVersion = 17.1.32328.378
MinimumVisualStudioVersion = 10.0.40219.1
Project("{FAE04EC0-301F-11D3-BF4B-00C04F79EFBC}") = "CodingChallenge", "CodingChallenge\CodingChallenge.csproj", "{B49D70C9-8BB2-468A-AC35-38366D8FC127}"
EndProject
Global
	GlobalSection(SolutionConfigurationPlatforms) = preSolution
		Debug|Any CPU = Debug|Any CPU
		Release|Any CPU = Release|Any CPU
	EndGlobalSection
	GlobalSection(ProjectConfigurationPlatforms) = postSolution
		{B49D70C9-8BB2-468A-AC35-38366D8FC127}.Debug|Any CPU.ActiveCfg = Debug|Any CPU
		{B49D70C9-8BB2-468A-AC35-38366D8FC127}.Debug|Any CPU.Build.0 = Debug|Any CPU
		{B49D70C9-8BB2-468A-AC35-38366D8FC127}.Release|Any CPU.ActiveCfg = Release|Any CPU
		{B49D70C9-8BB2-468A-AC35-38366D8FC127}.Release|Any CPU.Build.0 = Release|Any CPU
	EndGlobalSection
	GlobalSection(SolutionProperties) = preSolution
		HideSolutionNode = FALSE
	EndGlobalSection
	GlobalSection(ExtensibilityGlobals) = postSolution
		SolutionGuid = {BE27DFCE-940D-4BC9-9BC4-ECD11304E8DD}
	EndGlobalSection
EndGlobal
